
Microsoft Visual Studio Solution File, Format Version 12.00
# Visual Studio Version 17
VisualStudioVersion = 17.3.32519.111
MinimumVisualStudioVersion = 10.0.40219.1
Project("{9A19103F-16F7-4668-BE54-9A1E7A4F7556}") = "AngularEnvDemo", "AngularEnvDemo\AngularEnvDemo.csproj", "{D7A9C821-3BC2-49AF-934B-8E6A7873F426}"
EndProject
Global
	GlobalSection(SolutionConfigurationPlatforms) = preSolution
		Debug|Any CPU = Debug|Any CPU
		Release|Any CPU = Release|Any CPU
	EndGlobalSection
	GlobalSection(ProjectConfigurationPlatforms) = postSolution
		{D7A9C821-3BC2-49AF-934B-8E6A7873F426}.Debug|Any CPU.ActiveCfg = Debug|Any CPU
		{D7A9C821-3BC2-49AF-934B-8E6A7873F426}.Debug|Any CPU.Build.0 = Debug|Any CPU
		{D7A9C821-3BC2-49AF-934B-8E6A7873F426}.Release|Any CPU.ActiveCfg = Release|Any CPU
		{D7A9C821-3BC2-49AF-934B-8E6A7873F426}.Release|Any CPU.Build.0 = Release|Any CPU
	EndGlobalSection
	GlobalSection(SolutionProperties) = preSolution
		HideSolutionNode = FALSE
	EndGlobalSection
	GlobalSection(ExtensibilityGlobals) = postSolution
		SolutionGuid = {67874ADD-0542-47EC-BBD9-1CCF9D5336CC}
	EndGlobalSection
EndGlobal
